
Microsoft Visual Studio Solution File, Format Version 12.00
Project("{2150E333-8FDC-42A3-9474-1A3956D46DE8}") = "Core", "Core", "{B07B2346-8ABE-4335-BF07-8DF0C9E76691}"
EndProject
Project("{2150E333-8FDC-42A3-9474-1A3956D46DE8}") = "External", "External", "{72343A7A-DEF8-401C-9191-20EF99C176B2}"
EndProject
Project("{FAE04EC0-301F-11D3-BF4B-00C04F79EFBC}") = "Domain", "src\Core\Domain\Domain.csproj", "{663D2913-A3E4-4B3B-8071-4A219A0206EE}"
EndProject
Project("{FAE04EC0-301F-11D3-BF4B-00C04F79EFBC}") = "Application", "src\Core\Application\Application.csproj", "{0A6E59F0-9D74-4565-9EF0-DC1ADE4358C8}"
EndProject
Project("{FAE04EC0-301F-11D3-BF4B-00C04F79EFBC}") = "Infrastructure", "src\External\Infrastructure\Infrastructure.csproj", "{85C2919E-2BFF-409A-B95E-4BD0E72BBB09}"
EndProject
Project("{FAE04EC0-301F-11D3-BF4B-00C04F79EFBC}") = "Presentation", "src\External\Presentation\Presentation.csproj", "{8E21CD42-2003-4DFA-B2BF-96618A5351E9}"
EndProject
Project("{FAE04EC0-301F-11D3-BF4B-00C04F79EFBC}") = "Tests", "src\Core\Tests\Tests.csproj", "{BB0F24CA-55D9-4D7D-8853-AFAA0BFF5DA6}"
EndProject
Global
	GlobalSection(SolutionConfigurationPlatforms) = preSolution
		Debug|Any CPU = Debug|Any CPU
		Release|Any CPU = Release|Any CPU
	EndGlobalSection
	GlobalSection(NestedProjects) = preSolution
		{663D2913-A3E4-4B3B-8071-4A219A0206EE} = {B07B2346-8ABE-4335-BF07-8DF0C9E76691}
		{0A6E59F0-9D74-4565-9EF0-DC1ADE4358C8} = {B07B2346-8ABE-4335-BF07-8DF0C9E76691}
		{85C2919E-2BFF-409A-B95E-4BD0E72BBB09} = {72343A7A-DEF8-401C-9191-20EF99C176B2}
		{8E21CD42-2003-4DFA-B2BF-96618A5351E9} = {72343A7A-DEF8-401C-9191-20EF99C176B2}
		{BB0F24CA-55D9-4D7D-8853-AFAA0BFF5DA6} = {B07B2346-8ABE-4335-BF07-8DF0C9E76691}
	EndGlobalSection
	GlobalSection(ProjectConfigurationPlatforms) = postSolution
		{663D2913-A3E4-4B3B-8071-4A219A0206EE}.Debug|Any CPU.ActiveCfg = Debug|Any CPU
		{663D2913-A3E4-4B3B-8071-4A219A0206EE}.Debug|Any CPU.Build.0 = Debug|Any CPU
		{663D2913-A3E4-4B3B-8071-4A219A0206EE}.Release|Any CPU.ActiveCfg = Release|Any CPU
		{663D2913-A3E4-4B3B-8071-4A219A0206EE}.Release|Any CPU.Build.0 = Release|Any CPU
		{0A6E59F0-9D74-4565-9EF0-DC1ADE4358C8}.Debug|Any CPU.ActiveCfg = Debug|Any CPU
		{0A6E59F0-9D74-4565-9EF0-DC1ADE4358C8}.Debug|Any CPU.Build.0 = Debug|Any CPU
		{0A6E59F0-9D74-4565-9EF0-DC1ADE4358C8}.Release|Any CPU.ActiveCfg = Release|Any CPU
		{0A6E59F0-9D74-4565-9EF0-DC1ADE4358C8}.Release|Any CPU.Build.0 = Release|Any CPU
		{85C2919E-2BFF-409A-B95E-4BD0E72BBB09}.Debug|Any CPU.ActiveCfg = Debug|Any CPU
		{85C2919E-2BFF-409A-B95E-4BD0E72BBB09}.Debug|Any CPU.Build.0 = Debug|Any CPU
		{85C2919E-2BFF-409A-B95E-4BD0E72BBB09}.Release|Any CPU.ActiveCfg = Release|Any CPU
		{85C2919E-2BFF-409A-B95E-4BD0E72BBB09}.Release|Any CPU.Build.0 = Release|Any CPU
		{8E21CD42-2003-4DFA-B2BF-96618A5351E9}.Debug|Any CPU.ActiveCfg = Debug|Any CPU
		{8E21CD42-2003-4DFA-B2BF-96618A5351E9}.Debug|Any CPU.Build.0 = Debug|Any CPU
		{8E21CD42-2003-4DFA-B2BF-96618A5351E9}.Release|Any CPU.ActiveCfg = Release|Any CPU
		{8E21CD42-2003-4DFA-B2BF-96618A5351E9}.Release|Any CPU.Build.0 = Release|Any CPU
		{BB0F24CA-55D9-4D7D-8853-AFAA0BFF5DA6}.Debug|Any CPU.ActiveCfg = Debug|Any CPU
		{BB0F24CA-55D9-4D7D-8853-AFAA0BFF5DA6}.Debug|Any CPU.Build.0 = Debug|Any CPU
		{BB0F24CA-55D9-4D7D-8853-AFAA0BFF5DA6}.Release|Any CPU.ActiveCfg = Release|Any CPU
		{BB0F24CA-55D9-4D7D-8853-AFAA0BFF5DA6}.Release|Any CPU.Build.0 = Release|Any CPU
	EndGlobalSection
EndGlobal
